{
    "_meta": {
        "hash": {
            "sha256": "8fd341987715a561bbdc2b24390173c9bf8f0f9f6ad7de325e4ae9fd0908b9f5"
        },
        "pipfile-spec": 6,
        "requires": {
            "python_version": "3.10"
        },
        "sources": [
            {
                "name": "pypi",
                "url": "https://pypi.org/simple",
                "verify_ssl": true
            }
        ]
    },
    "default": {
        "pyotp": {
            "hashes": [
                "sha256:346b6642e0dbdde3b4ff5a930b664ca82abfa116356ed48cc42c7d6590d36f63",
                "sha256:81c2e5865b8ac55e825b0358e496e1d9387c811e85bb40e71a3b29b288963612"
            ],
            "index": "pypi",
            "markers": "python_version >= '3.7'",
            "version": "==2.9.0"
        }
    },
    "develop": {}
}
